
Microsoft Visual Studio Solution File, Format Version 12.00
# Visual Studio Version 17
VisualStudioVersion = 17.0.32014.148
MinimumVisualStudioVersion = 10.0.40219.1
Project("{FAE04EC0-301F-11D3-BF4B-00C04F79EFBC}") = "SAP_Import", "SAP_Import\SAP_Import.csproj", "{1123DD79-57D2-4E97-BB06-E1ED27A8DCBD}"
EndProject
Project("{C7167F0D-BC9F-4E6E-AFE1-012C56B48DB5}") = "Import_Installer", "Import_Installer\Import_Installer.wapproj", "{D7BEF56E-5100-4FA9-A8F4-28D0221840D0}"
EndProject
Project("{930C7802-8A8C-48F9-8165-68863BCCD9DD}") = "Installer", "Installer\Installer.wixproj", "{D1A5D46B-C757-434F-A634-E7E1A216CDD9}"
EndProject
Global
	GlobalSection(SolutionConfigurationPlatforms) = preSolution
		Debug|Any CPU = Debug|Any CPU
		Debug|ARM = Debug|ARM
		Debug|ARM64 = Debug|ARM64
		Debug|x64 = Debug|x64
		Debug|x86 = Debug|x86
		Release|Any CPU = Release|Any CPU
		Release|ARM = Release|ARM
		Release|ARM64 = Release|ARM64
		Release|x64 = Release|x64
		Release|x86 = Release|x86
	EndGlobalSection
	GlobalSection(ProjectConfigurationPlatforms) = postSolution
		{1123DD79-57D2-4E97-BB06-E1ED27A8DCBD}.Debug|Any CPU.ActiveCfg = Debug|Any CPU
		{1123DD79-57D2-4E97-BB06-E1ED27A8DCBD}.Debug|Any CPU.Build.0 = Debug|Any CPU
		{1123DD79-57D2-4E97-BB06-E1ED27A8DCBD}.Debug|ARM.ActiveCfg = Debug|Any CPU
		{1123DD79-57D2-4E97-BB06-E1ED27A8DCBD}.Debug|ARM.Build.0 = Debug|Any CPU
		{1123DD79-57D2-4E97-BB06-E1ED27A8DCBD}.Debug|ARM64.ActiveCfg = Debug|Any CPU
		{1123DD79-57D2-4E97-BB06-E1ED27A8DCBD}.Debug|ARM64.Build.0 = Debug|Any CPU
		{1123DD79-57D2-4E97-BB06-E1ED27A8DCBD}.Debug|x64.ActiveCfg = Debug|Any CPU
		{1123DD79-57D2-4E97-BB06-E1ED27A8DCBD}.Debug|x64.Build.0 = Debug|Any CPU
		{1123DD79-57D2-4E97-BB06-E1ED27A8DCBD}.Debug|x86.ActiveCfg = Debug|Any CPU
		{1123DD79-57D2-4E97-BB06-E1ED27A8DCBD}.Debug|x86.Build.0 = Debug|Any CPU
		{1123DD79-57D2-4E97-BB06-E1ED27A8DCBD}.Release|Any CPU.ActiveCfg = Release|Any CPU
		{1123DD79-57D2-4E97-BB06-E1ED27A8DCBD}.Release|Any CPU.Build.0 = Release|Any CPU
		{1123DD79-57D2-4E97-BB06-E1ED27A8DCBD}.Release|ARM.ActiveCfg = Release|Any CPU
		{1123DD79-57D2-4E97-BB06-E1ED27A8DCBD}.Release|ARM.Build.0 = Release|Any CPU
		{1123DD79-57D2-4E97-BB06-E1ED27A8DCBD}.Release|ARM64.ActiveCfg = Release|Any CPU
		{1123DD79-57D2-4E97-BB06-E1ED27A8DCBD}.Release|ARM64.Build.0 = Release|Any CPU
		{1123DD79-57D2-4E97-BB06-E1ED27A8DCBD}.Release|x64.ActiveCfg = Release|x64
		{1123DD79-57D2-4E97-BB06-E1ED27A8DCBD}.Release|x64.Build.0 = Release|x64
		{1123DD79-57D2-4E97-BB06-E1ED27A8DCBD}.Release|x86.ActiveCfg = Release|x86
		{1123DD79-57D2-4E97-BB06-E1ED27A8DCBD}.Release|x86.Build.0 = Release|x86
		{D7BEF56E-5100-4FA9-A8F4-28D0221840D0}.Debug|Any CPU.ActiveCfg = Debug|Any CPU
		{D7BEF56E-5100-4FA9-A8F4-28D0221840D0}.Debug|Any CPU.Build.0 = Debug|Any CPU
		{D7BEF56E-5100-4FA9-A8F4-28D0221840D0}.Debug|Any CPU.Deploy.0 = Debug|Any CPU
		{D7BEF56E-5100-4FA9-A8F4-28D0221840D0}.Debug|ARM.ActiveCfg = Debug|ARM
		{D7BEF56E-5100-4FA9-A8F4-28D0221840D0}.Debug|ARM.Build.0 = Debug|ARM
		{D7BEF56E-5100-4FA9-A8F4-28D0221840D0}.Debug|ARM.Deploy.0 = Debug|ARM
		{D7BEF56E-5100-4FA9-A8F4-28D0221840D0}.Debug|ARM64.ActiveCfg = Debug|ARM64
		{D7BEF56E-5100-4FA9-A8F4-28D0221840D0}.Debug|ARM64.Build.0 = Debug|ARM64
		{D7BEF56E-5100-4FA9-A8F4-28D0221840D0}.Debug|ARM64.Deploy.0 = Debug|ARM64
		{D7BEF56E-5100-4FA9-A8F4-28D0221840D0}.Debug|x64.ActiveCfg = Debug|x64
		{D7BEF56E-5100-4FA9-A8F4-28D0221840D0}.Debug|x64.Build.0 = Debug|x64
		{D7BEF56E-5100-4FA9-A8F4-28D0221840D0}.Debug|x64.Deploy.0 = Debug|x64
		{D7BEF56E-5100-4FA9-A8F4-28D0221840D0}.Debug|x86.ActiveCfg = Debug|x86
		{D7BEF56E-5100-4FA9-A8F4-28D0221840D0}.Debug|x86.Build.0 = Debug|x86
		{D7BEF56E-5100-4FA9-A8F4-28D0221840D0}.Debug|x86.Deploy.0 = Debug|x86
		{D7BEF56E-5100-4FA9-A8F4-28D0221840D0}.Release|Any CPU.ActiveCfg = Release|Any CPU
		{D7BEF56E-5100-4FA9-A8F4-28D0221840D0}.Release|Any CPU.Build.0 = Release|Any CPU
		{D7BEF56E-5100-4FA9-A8F4-28D0221840D0}.Release|Any CPU.Deploy.0 = Release|Any CPU
		{D7BEF56E-5100-4FA9-A8F4-28D0221840D0}.Release|ARM.ActiveCfg = Release|ARM
		{D7BEF56E-5100-4FA9-A8F4-28D0221840D0}.Release|ARM.Build.0 = Release|ARM
		{D7BEF56E-5100-4FA9-A8F4-28D0221840D0}.Release|ARM.Deploy.0 = Release|ARM
		{D7BEF56E-5100-4FA9-A8F4-28D0221840D0}.Release|ARM64.ActiveCfg = Release|ARM64
		{D7BEF56E-5100-4FA9-A8F4-28D0221840D0}.Release|ARM64.Build.0 = Release|ARM64
		{D7BEF56E-5100-4FA9-A8F4-28D0221840D0}.Release|ARM64.Deploy.0 = Release|ARM64
		{D7BEF56E-5100-4FA9-A8F4-28D0221840D0}.Release|x64.ActiveCfg = Release|x64
		{D7BEF56E-5100-4FA9-A8F4-28D0221840D0}.Release|x64.Build.0 = Release|x64
		{D7BEF56E-5100-4FA9-A8F4-28D0221840D0}.Release|x64.Deploy.0 = Release|x64
		{D7BEF56E-5100-4FA9-A8F4-28D0221840D0}.Release|x86.ActiveCfg = Release|x86
		{D7BEF56E-5100-4FA9-A8F4-28D0221840D0}.Release|x86.Build.0 = Release|x86
		{D7BEF56E-5100-4FA9-A8F4-28D0221840D0}.Release|x86.Deploy.0 = Release|x86
		{D1A5D46B-C757-434F-A634-E7E1A216CDD9}.Debug|Any CPU.ActiveCfg = Debug|x86
		{D1A5D46B-C757-434F-A634-E7E1A216CDD9}.Debug|Any CPU.Build.0 = Debug|x86
		{D1A5D46B-C757-434F-A634-E7E1A216CDD9}.Debug|ARM.ActiveCfg = Debug|x86
		{D1A5D46B-C757-434F-A634-E7E1A216CDD9}.Debug|ARM.Build.0 = Debug|x86
		{D1A5D46B-C757-434F-A634-E7E1A216CDD9}.Debug|ARM64.ActiveCfg = Debug|x86
		{D1A5D46B-C757-434F-A634-E7E1A216CDD9}.Debug|ARM64.Build.0 = Debug|x86
		{D1A5D46B-C757-434F-A634-E7E1A216CDD9}.Debug|x64.ActiveCfg = Debug|x86
		{D1A5D46B-C757-434F-A634-E7E1A216CDD9}.Debug|x64.Build.0 = Debug|x86
		{D1A5D46B-C757-434F-A634-E7E1A216CDD9}.Debug|x86.ActiveCfg = Debug|x86
		{D1A5D46B-C757-434F-A634-E7E1A216CDD9}.Debug|x86.Build.0 = Debug|x86
		{D1A5D46B-C757-434F-A634-E7E1A216CDD9}.Release|Any CPU.ActiveCfg = Release|x86
		{D1A5D46B-C757-434F-A634-E7E1A216CDD9}.Release|Any CPU.Build.0 = Release|x86
		{D1A5D46B-C757-434F-A634-E7E1A216CDD9}.Release|ARM.ActiveCfg = Release|x86
		{D1A5D46B-C757-434F-A634-E7E1A216CDD9}.Release|ARM.Build.0 = Release|x86
		{D1A5D46B-C757-434F-A634-E7E1A216CDD9}.Release|ARM64.ActiveCfg = Release|x86
		{D1A5D46B-C757-434F-A634-E7E1A216CDD9}.Release|ARM64.Build.0 = Release|x86
		{D1A5D46B-C757-434F-A634-E7E1A216CDD9}.Release|x64.ActiveCfg = Release|x86
		{D1A5D46B-C757-434F-A634-E7E1A216CDD9}.Release|x64.Build.0 = Release|x86
		{D1A5D46B-C757-434F-A634-E7E1A216CDD9}.Release|x86.ActiveCfg = Release|x86
		{D1A5D46B-C757-434F-A634-E7E1A216CDD9}.Release|x86.Build.0 = Release|x86
	EndGlobalSection
	GlobalSection(SolutionProperties) = preSolution
		HideSolutionNode = FALSE
	EndGlobalSection
	GlobalSection(ExtensibilityGlobals) = postSolution
		SolutionGuid = {2AB5BAE7-303F-48A8-9A40-7E33B814774E}
	EndGlobalSection
EndGlobal
